# This file is automatically @generated by Cargo.
# It is not intended for manual editing.
version = 4

[[package]]
name = "autocfg"
version = "1.5.0"
source = "registry+https://github.com/rust-lang/crates.io-index"
checksum = "c08606f8c3cbf4ce6ec8e28fb0014a2c086708fe954eaa885384a6165172e7e8"

[[package]]
name = "complex_rs"
version = "0.1.0"
source = "registry+https://github.com/rust-lang/crates.io-index"
checksum = "639ca854ce2bc1c7ed7edf2d110364b36eaa725eebd3d3133b04408e27aff2b7"
dependencies = [
 "num-traits",
]

[[package]]
name = "num-traits"
version = "0.2.19"
source = "registry+https://github.com/rust-lang/crates.io-index"
checksum = "071dfc062690e90b734c0b2273ce72ad0ffa95f0c74596bc250dcfd960262841"
dependencies = [
 "autocfg",
]

[[package]]
name = "rain_linalg"
version = "0.2.0"
source = "registry+https://github.com/rust-lang/crates.io-index"
checksum = "8eee7460aec9c490f837f057c70c6afe26c6e360db01e6fd2e3ae83b175c9fd4"
dependencies = [
 "complex_rs",
 "num-traits",
]

[[package]]
name = "rain_quantum_simulator"
version = "0.1.0"
dependencies = [
 "complex_rs",
 "num-traits",
 "rain_linalg",
]
